
Microsoft Visual Studio Solution File, Format Version 12.00
# Visual Studio 15
VisualStudioVersion = 15.0.27004.2006
MinimumVisualStudioVersion = 10.0.40219.1
Project("{FAE04EC0-301F-11D3-BF4B-00C04F79EFBC}") = "VideoRecorder", "VideoRecorder\VideoRecorder.csproj", "{BFE1DFDF-B7AB-46A6-A96D-FA82981694DA}"
EndProject
Global
	GlobalSection(SolutionConfigurationPlatforms) = preSolution
		Debug|Any CPU = Debug|Any CPU
		Release|Any CPU = Release|Any CPU
	EndGlobalSection
	GlobalSection(ProjectConfigurationPlatforms) = postSolution
		{BFE1DFDF-B7AB-46A6-A96D-FA82981694DA}.Debug|Any CPU.ActiveCfg = Debug|Any CPU
		{BFE1DFDF-B7AB-46A6-A96D-FA82981694DA}.Debug|Any CPU.Build.0 = Debug|Any CPU
		{BFE1DFDF-B7AB-46A6-A96D-FA82981694DA}.Release|Any CPU.ActiveCfg = Release|Any CPU
		{BFE1DFDF-B7AB-46A6-A96D-FA82981694DA}.Release|Any CPU.Build.0 = Release|Any CPU
	EndGlobalSection
	GlobalSection(SolutionProperties) = preSolution
		HideSolutionNode = FALSE
	EndGlobalSection
	GlobalSection(ExtensibilityGlobals) = postSolution
		SolutionGuid = {52F26F5D-98AA-482F-B4C0-BFAE4C6CBF5B}
	EndGlobalSection
EndGlobal
